
Microsoft Visual Studio Solution File, Format Version 12.00
# Visual Studio 15
VisualStudioVersion = 15.0.27703.2026
MinimumVisualStudioVersion = 10.0.40219.1
Project("{9A19103F-16F7-4668-BE54-9A1E7A4F7556}") = "UrbanDictionary.Net", "UrbanDictionary.Net\UrbanDictionary.Net.csproj", "{1A54D4B8-5162-4F1D-AEF6-2ACAD0BA2CED}"
EndProject
Project("{FAE04EC0-301F-11D3-BF4B-00C04F79EFBC}") = "UrbanDictionary.Net.UnitTests", "UrbanDictionary.Net.UnitTests\UrbanDictionary.Net.UnitTests.csproj", "{F70907F4-B42B-4838-A699-574B7A6BE267}"
EndProject
Global
	GlobalSection(SolutionConfigurationPlatforms) = preSolution
		Debug|Any CPU = Debug|Any CPU
		Release|Any CPU = Release|Any CPU
	EndGlobalSection
	GlobalSection(ProjectConfigurationPlatforms) = postSolution
		{1A54D4B8-5162-4F1D-AEF6-2ACAD0BA2CED}.Debug|Any CPU.ActiveCfg = Debug|Any CPU
		{1A54D4B8-5162-4F1D-AEF6-2ACAD0BA2CED}.Debug|Any CPU.Build.0 = Debug|Any CPU
		{1A54D4B8-5162-4F1D-AEF6-2ACAD0BA2CED}.Release|Any CPU.ActiveCfg = Release|Any CPU
		{1A54D4B8-5162-4F1D-AEF6-2ACAD0BA2CED}.Release|Any CPU.Build.0 = Release|Any CPU
		{F70907F4-B42B-4838-A699-574B7A6BE267}.Debug|Any CPU.ActiveCfg = Debug|Any CPU
		{F70907F4-B42B-4838-A699-574B7A6BE267}.Debug|Any CPU.Build.0 = Debug|Any CPU
		{F70907F4-B42B-4838-A699-574B7A6BE267}.Release|Any CPU.ActiveCfg = Release|Any CPU
		{F70907F4-B42B-4838-A699-574B7A6BE267}.Release|Any CPU.Build.0 = Release|Any CPU
	EndGlobalSection
	GlobalSection(SolutionProperties) = preSolution
		HideSolutionNode = FALSE
	EndGlobalSection
	GlobalSection(ExtensibilityGlobals) = postSolution
		SolutionGuid = {A4D61500-492B-4444-8874-1EFDD4D255CF}
	EndGlobalSection
EndGlobal
